
Microsoft Visual Studio Solution File, Format Version 12.00
# Visual Studio Version 16
VisualStudioVersion = 16.0.31515.178
MinimumVisualStudioVersion = 10.0.40219.1
Project("{8BC9CEB8-8B4A-11D0-8D11-00A0C91BC942}") = "L_ACaculator", "L_ACaculator\L_ACaculator.vcxproj", "{0380FB97-277D-4AA0-8D83-95782A55ACCD}"
EndProject
Global
	GlobalSection(SolutionConfigurationPlatforms) = preSolution
		Debug|x64 = Debug|x64
		Debug|x86 = Debug|x86
		Release|x64 = Release|x64
		Release|x86 = Release|x86
	EndGlobalSection
	GlobalSection(ProjectConfigurationPlatforms) = postSolution
		{0380FB97-277D-4AA0-8D83-95782A55ACCD}.Debug|x64.ActiveCfg = Debug|x64
		{0380FB97-277D-4AA0-8D83-95782A55ACCD}.Debug|x64.Build.0 = Debug|x64
		{0380FB97-277D-4AA0-8D83-95782A55ACCD}.Debug|x86.ActiveCfg = Debug|Win32
		{0380FB97-277D-4AA0-8D83-95782A55ACCD}.Debug|x86.Build.0 = Debug|Win32
		{0380FB97-277D-4AA0-8D83-95782A55ACCD}.Release|x64.ActiveCfg = Release|x64
		{0380FB97-277D-4AA0-8D83-95782A55ACCD}.Release|x64.Build.0 = Release|x64
		{0380FB97-277D-4AA0-8D83-95782A55ACCD}.Release|x86.ActiveCfg = Release|Win32
		{0380FB97-277D-4AA0-8D83-95782A55ACCD}.Release|x86.Build.0 = Release|Win32
	EndGlobalSection
	GlobalSection(SolutionProperties) = preSolution
		HideSolutionNode = FALSE
	EndGlobalSection
	GlobalSection(ExtensibilityGlobals) = postSolution
		SolutionGuid = {7D00D47E-DD6C-4313-8EB4-B11620582FE3}
	EndGlobalSection
EndGlobal
